{
  "name": "ajs_test",
  "version": "1.0.0",
  "lockfileVersion": 2,
  "requires": true,
  "packages": {
    "": {
      "name": "ajs_test",
      "version": "1.0.0",
      "license": "ISC",
      "dependencies": {
        "@shulaevivan/ajs": "^1.0.1"
      }
    },
    "node_modules/@shulaevivan/ajs": {
      "version": "1.0.1",
      "resolved": "https://npm.pkg.github.com/download/@shulaevivan/ajs/1.0.1/fa23c626f4d8606874f210fe70eaba134a2c28d2",
      "integrity": "sha512-FKn4W12ueSUXgf/4PL5dZvdd1kYskZxiTERuhRqVbtx+Tg1oxanXa1GsYKihOM3SMbTgQaWhcYq8Y4oEuvpiXg==",
      "license": "ISC"
    }
  },
  "dependencies": {
    "@shulaevivan/ajs": {
      "version": "1.0.1",
      "resolved": "https://npm.pkg.github.com/download/@shulaevivan/ajs/1.0.1/fa23c626f4d8606874f210fe70eaba134a2c28d2",
      "integrity": "sha512-FKn4W12ueSUXgf/4PL5dZvdd1kYskZxiTERuhRqVbtx+Tg1oxanXa1GsYKihOM3SMbTgQaWhcYq8Y4oEuvpiXg=="
    }
  }
}
